
Microsoft Visual Studio Solution File, Format Version 12.00
# Visual Studio Version 16
VisualStudioVersion = 16.0.29709.97
MinimumVisualStudioVersion = 10.0.40219.1
Project("{9A19103F-16F7-4668-BE54-9A1E7A4F7556}") = "ProjectLibrary", "ProjectLibrary\ProjectLibrary.csproj", "{8147F6B8-2A1D-4D44-85B2-90E5B82067F0}"
EndProject
Project("{9A19103F-16F7-4668-BE54-9A1E7A4F7556}") = "ProjectLibrary.Test", "ProjectLibrary.Test\ProjectLibrary.Test.csproj", "{D277C064-FE3D-4EF7-A14A-EC0BEA99FFC5}"
EndProject
Project("{9A19103F-16F7-4668-BE54-9A1E7A4F7556}") = "AirportSimulator.API", "AirportSimulator.API\AirportSimulator.API.csproj", "{53F5B848-75BA-4A40-948A-FE44BE0C11DA}"
EndProject
Project("{9A19103F-16F7-4668-BE54-9A1E7A4F7556}") = "AirportSimulator", "AirportSimulator\AirportSimulator.csproj", "{5DD1E6F5-8B14-4886-9CA4-CEE963D77BA7}"
EndProject
Project("{FAE04EC0-301F-11D3-BF4B-00C04F79EFBC}") = "AirportSimulator.ConsoleVersion", "AirportSimulator.ConsoleVersion\AirportSimulator.ConsoleVersion.csproj", "{9565ECE0-7B16-44C1-B1D1-99C33BA92B5F}"
EndProject
Global
	GlobalSection(SolutionConfigurationPlatforms) = preSolution
		Debug|Any CPU = Debug|Any CPU
		Release|Any CPU = Release|Any CPU
	EndGlobalSection
	GlobalSection(ProjectConfigurationPlatforms) = postSolution
		{8147F6B8-2A1D-4D44-85B2-90E5B82067F0}.Debug|Any CPU.ActiveCfg = Debug|Any CPU
		{8147F6B8-2A1D-4D44-85B2-90E5B82067F0}.Debug|Any CPU.Build.0 = Debug|Any CPU
		{8147F6B8-2A1D-4D44-85B2-90E5B82067F0}.Release|Any CPU.ActiveCfg = Release|Any CPU
		{8147F6B8-2A1D-4D44-85B2-90E5B82067F0}.Release|Any CPU.Build.0 = Release|Any CPU
		{D277C064-FE3D-4EF7-A14A-EC0BEA99FFC5}.Debug|Any CPU.ActiveCfg = Debug|Any CPU
		{D277C064-FE3D-4EF7-A14A-EC0BEA99FFC5}.Debug|Any CPU.Build.0 = Debug|Any CPU
		{D277C064-FE3D-4EF7-A14A-EC0BEA99FFC5}.Release|Any CPU.ActiveCfg = Release|Any CPU
		{D277C064-FE3D-4EF7-A14A-EC0BEA99FFC5}.Release|Any CPU.Build.0 = Release|Any CPU
		{53F5B848-75BA-4A40-948A-FE44BE0C11DA}.Debug|Any CPU.ActiveCfg = Debug|Any CPU
		{53F5B848-75BA-4A40-948A-FE44BE0C11DA}.Debug|Any CPU.Build.0 = Debug|Any CPU
		{53F5B848-75BA-4A40-948A-FE44BE0C11DA}.Release|Any CPU.ActiveCfg = Release|Any CPU
		{53F5B848-75BA-4A40-948A-FE44BE0C11DA}.Release|Any CPU.Build.0 = Release|Any CPU
		{5DD1E6F5-8B14-4886-9CA4-CEE963D77BA7}.Debug|Any CPU.ActiveCfg = Debug|Any CPU
		{5DD1E6F5-8B14-4886-9CA4-CEE963D77BA7}.Debug|Any CPU.Build.0 = Debug|Any CPU
		{5DD1E6F5-8B14-4886-9CA4-CEE963D77BA7}.Release|Any CPU.ActiveCfg = Release|Any CPU
		{5DD1E6F5-8B14-4886-9CA4-CEE963D77BA7}.Release|Any CPU.Build.0 = Release|Any CPU
		{9565ECE0-7B16-44C1-B1D1-99C33BA92B5F}.Debug|Any CPU.ActiveCfg = Debug|Any CPU
		{9565ECE0-7B16-44C1-B1D1-99C33BA92B5F}.Debug|Any CPU.Build.0 = Debug|Any CPU
		{9565ECE0-7B16-44C1-B1D1-99C33BA92B5F}.Release|Any CPU.ActiveCfg = Release|Any CPU
		{9565ECE0-7B16-44C1-B1D1-99C33BA92B5F}.Release|Any CPU.Build.0 = Release|Any CPU
	EndGlobalSection
	GlobalSection(SolutionProperties) = preSolution
		HideSolutionNode = FALSE
	EndGlobalSection
	GlobalSection(ExtensibilityGlobals) = postSolution
		SolutionGuid = {165EBDC8-0E68-47F8-9ECC-22D19DB53F22}
	EndGlobalSection
EndGlobal
